
Microsoft Visual Studio Solution File, Format Version 12.00
# Visual Studio Version 16
VisualStudioVersion = 16.0.31624.102
MinimumVisualStudioVersion = 10.0.40219.1
Project("{FAE04EC0-301F-11D3-BF4B-00C04F79EFBC}") = "GestionMatos", "GestionMatos\GestionMatos.csproj", "{FA1A9EEE-7DED-4BD6-A5AE-BA26E9B25A68}"
EndProject
Global
	GlobalSection(SolutionConfigurationPlatforms) = preSolution
		Debug|Any CPU = Debug|Any CPU
		Release|Any CPU = Release|Any CPU
	EndGlobalSection
	GlobalSection(ProjectConfigurationPlatforms) = postSolution
		{FA1A9EEE-7DED-4BD6-A5AE-BA26E9B25A68}.Debug|Any CPU.ActiveCfg = Debug|Any CPU
		{FA1A9EEE-7DED-4BD6-A5AE-BA26E9B25A68}.Debug|Any CPU.Build.0 = Debug|Any CPU
		{FA1A9EEE-7DED-4BD6-A5AE-BA26E9B25A68}.Release|Any CPU.ActiveCfg = Release|Any CPU
		{FA1A9EEE-7DED-4BD6-A5AE-BA26E9B25A68}.Release|Any CPU.Build.0 = Release|Any CPU
	EndGlobalSection
	GlobalSection(SolutionProperties) = preSolution
		HideSolutionNode = FALSE
	EndGlobalSection
	GlobalSection(ExtensibilityGlobals) = postSolution
		SolutionGuid = {BF2D257E-2880-4213-9300-34BB27BC67A9}
	EndGlobalSection
EndGlobal
